
Microsoft Visual Studio Solution File, Format Version 12.00
# Visual Studio 14
VisualStudioVersion = 14.0.25123.0
MinimumVisualStudioVersion = 10.0.40219.1
Project("{FAE04EC0-301F-11D3-BF4B-00C04F79EFBC}") = "HealthOS.UWP", "HealthOS.UWP/HealthOS.UWP.csproj", "{a2b9e109-44d4-475b-bba9-e1c11da61906}"
EndProject
Global
    GlobalSection(SolutionConfigurationPlatforms) = preSolution
        Debug|Any CPU = Debug|Any CPU
        Debug|ARM = Debug|ARM
        Debug|x64 = Debug|x64
        Debug|x86 = Debug|x86
        Release|Any CPU = Release|Any CPU
        Release|ARM = Release|ARM
        Release|x64 = Release|x64
        Release|x86 = Release|x86
    EndGlobalSection
    GlobalSection(ProjectConfigurationPlatforms) = postSolution
        {a2b9e109-44d4-475b-bba9-e1c11da61906}.Debug|Any CPU.ActiveCfg = Debug|Any CPU
        {a2b9e109-44d4-475b-bba9-e1c11da61906}.Debug|Any CPU.Build.0 = Debug|Any CPU
        {a2b9e109-44d4-475b-bba9-e1c11da61906}.Release|Any CPU.ActiveCfg = Release|Any CPU
        {a2b9e109-44d4-475b-bba9-e1c11da61906}.Release|Any CPU.Build.0 = Release|Any CPU
    EndGlobalSection
    GlobalSection(SolutionProperties) = preSolution
        HideSolutionNode = FALSE
    EndGlobalSection
EndGlobal
